// !$*UTF8*$!
{
	archiveVersion = 1;
	classes = {
	};
	objectVersion = 46;
	objects = {

/* Begin PBXBuildFile section */
		640033B91DDA4DFC00095F37 /* summer-rain.png in Resources */ = {isa = PBXBuildFile; fileRef = 640033B81DDA4DFC00095F37 /* summer-rain.png */; };
		640033BC1DDA691700095F37 /* OpenWeatherMapAPI.swift in Sources */ = {isa = PBXBuildFile; fileRef = 640033BB1DDA691700095F37 /* OpenWeatherMapAPI.swift */; };
		640033BE1DDA6EE000095F37 /* WeatherAPIDelegate.swift in Sources */ = {isa = PBXBuildFile; fileRef = 640033BD1DDA6EE000095F37 /* WeatherAPIDelegate.swift */; };
		640033C11DDA6FA900095F37 /* FormatReturn.swift in Sources */ = {isa = PBXBuildFile; fileRef = 640033C01DDA6FA900095F37 /* FormatReturn.swift */; };
		640033C41DDA76A400095F37 /* RequestOpenWeatherMap.swift in Sources */ = {isa = PBXBuildFile; fileRef = 640033C31DDA76A400095F37 /* RequestOpenWeatherMap.swift */; };
		640033C61DDA7E7600095F37 /* RequestParameters.swift in Sources */ = {isa = PBXBuildFile; fileRef = 640033C51DDA7E7600095F37 /* RequestParameters.swift */; };
		640033C81DDE443C00095F37 /* Config.plist in Resources */ = {isa = PBXBuildFile; fileRef = 640033C71DDE443C00095F37 /* Config.plist */; };
		640033CD1DDE480C00095F37 /* PlistManager.swift in Sources */ = {isa = PBXBuildFile; fileRef = 640033CC1DDE480C00095F37 /* PlistManager.swift */; };
		640033D01DDE4E8800095F37 /* CurrentResponseOpenWeatherMap.swift in Sources */ = {isa = PBXBuildFile; fileRef = 640033CF1DDE4E8800095F37 /* CurrentResponseOpenWeatherMap.swift */; };
		640033D21DDE56C600095F37 /* ResponseOpenWeatherMap.swift in Sources */ = {isa = PBXBuildFile; fileRef = 640033D11DDE56C600095F37 /* ResponseOpenWeatherMap.swift */; };
		640033D41DDE58D000095F37 /* ForecastResponseOpenWeatherMap.swift in Sources */ = {isa = PBXBuildFile; fileRef = 640033D31DDE58D000095F37 /* ForecastResponseOpenWeatherMap.swift */; };
		640033D61DDE660B00095F37 /* ResponseOpenWeatherMapProtocol.swift in Sources */ = {isa = PBXBuildFile; fileRef = 640033D51DDE660B00095F37 /* ResponseOpenWeatherMapProtocol.swift */; };
		6409508F1DE5097B006E94C2 /* RamdomOutfitCalculator.swift in Sources */ = {isa = PBXBuildFile; fileRef = 6409508E1DE5097B006E94C2 /* RamdomOutfitCalculator.swift */; };
		640950911DE509DF006E94C2 /* OutfitCalculatorProtocol.swift in Sources */ = {isa = PBXBuildFile; fileRef = 640950901DE509DF006E94C2 /* OutfitCalculatorProtocol.swift */; };
		640950941DE65FA5006E94C2 /* OutfitRepository.swift in Sources */ = {isa = PBXBuildFile; fileRef = 640950931DE65FA5006E94C2 /* OutfitRepository.swift */; };
		64467ED51D75272400EDF83A /* AddClothesTableViewController.swift in Sources */ = {isa = PBXBuildFile; fileRef = 64467ED41D75272400EDF83A /* AddClothesTableViewController.swift */; };
		6453A5931DD54B81003CD73F /* OutfitListTableViewController.swift in Sources */ = {isa = PBXBuildFile; fileRef = 6453A5921DD54B81003CD73F /* OutfitListTableViewController.swift */; };
		6487D4541D74C19100C22EA1 /* AppDelegate.swift in Sources */ = {isa = PBXBuildFile; fileRef = 6487D4531D74C19100C22EA1 /* AppDelegate.swift */; };
		6487D4561D74C19100C22EA1 /* MainViewController.swift in Sources */ = {isa = PBXBuildFile; fileRef = 6487D4551D74C19100C22EA1 /* MainViewController.swift */; };
		6487D4591D74C19100C22EA1 /* Main.storyboard in Resources */ = {isa = PBXBuildFile; fileRef = 6487D4571D74C19100C22EA1 /* Main.storyboard */; };
		6487D45C1D74C19100C22EA1 /* WhatWearToday.xcdatamodeld in Sources */ = {isa = PBXBuildFile; fileRef = 6487D45A1D74C19100C22EA1 /* WhatWearToday.xcdatamodeld */; };
		6487D45E1D74C19100C22EA1 /* Assets.xcassets in Resources */ = {isa = PBXBuildFile; fileRef = 6487D45D1D74C19100C22EA1 /* Assets.xcassets */; };
		6487D4611D74C19100C22EA1 /* LaunchScreen.storyboard in Resources */ = {isa = PBXBuildFile; fileRef = 6487D45F1D74C19100C22EA1 /* LaunchScreen.storyboard */; };
		6487D46C1D74C19100C22EA1 /* WhatWearTodayTests.swift in Sources */ = {isa = PBXBuildFile; fileRef = 6487D46B1D74C19100C22EA1 /* WhatWearTodayTests.swift */; };
		6487D4771D74C19200C22EA1 /* WhatWearTodayUITests.swift in Sources */ = {isa = PBXBuildFile; fileRef = 6487D4761D74C19200C22EA1 /* WhatWearTodayUITests.swift */; };
		64BE7FAA1DF47D310000A26F /* BackgroundList.swift in Sources */ = {isa = PBXBuildFile; fileRef = 64BE7FA91DF47D310000A26F /* BackgroundList.swift */; };
		64BE7FAC1DF483F80000A26F /* ClearSkyDay.jpg in Resources */ = {isa = PBXBuildFile; fileRef = 64BE7FAB1DF483F80000A26F /* ClearSkyDay.jpg */; };
		64BED2DB1DF0C3650091EEA5 /* Array.swift in Sources */ = {isa = PBXBuildFile; fileRef = 64BED2DA1DF0C3650091EEA5 /* Array.swift */; };
		64BED2DD1DF0CBA40091EEA5 /* ResultCalculator.swift in Sources */ = {isa = PBXBuildFile; fileRef = 64BED2DC1DF0CBA40091EEA5 /* ResultCalculator.swift */; };
		64BED2E21DF103D90091EEA5 /* camera-default.png in Resources */ = {isa = PBXBuildFile; fileRef = 64BED2E11DF103D90091EEA5 /* camera-default.png */; };
		64E916171DD73E6900EA4812 /* OutfitUITableViewCell.swift in Sources */ = {isa = PBXBuildFile; fileRef = 64E916151DD73E6900EA4812 /* OutfitUITableViewCell.swift */; };
		64E9161B1DD742C400EA4812 /* trousers.jpg in Resources */ = {isa = PBXBuildFile; fileRef = 64E9161A1DD742C400EA4812 /* trousers.jpg */; };
		64E9162D1DD9080E00EA4812 /* Outfit+CoreDataClass.swift in Sources */ = {isa = PBXBuildFile; fileRef = 64E9162B1DD9080E00EA4812 /* Outfit+CoreDataClass.swift */; };
		64E9162E1DD9080E00EA4812 /* Outfit+CoreDataProperties.swift in Sources */ = {isa = PBXBuildFile; fileRef = 64E9162C1DD9080E00EA4812 /* Outfit+CoreDataProperties.swift */; };
		64EC87AE1DE0CD770051FA76 /* ResultViewController.swift in Sources */ = {isa = PBXBuildFile; fileRef = 64EC87AD1DE0CD770051FA76 /* ResultViewController.swift */; };
		64EC87B01DE0CFFD0051FA76 /* ViewModifier.swift in Sources */ = {isa = PBXBuildFile; fileRef = 64EC87AF1DE0CFFD0051FA76 /* ViewModifier.swift */; };
		64EC87B31DE0D4B50051FA76 /* hoodie.jpg in Resources */ = {isa = PBXBuildFile; fileRef = 64EC87B11DE0D4B40051FA76 /* hoodie.jpg */; };
		64EC87B41DE0D4B50051FA76 /* womenHat.jpg in Resources */ = {isa = PBXBuildFile; fileRef = 64EC87B21DE0D4B40051FA76 /* womenHat.jpg */; };
		64FADDA51DD912810031F525 /* CoreDataManager.swift in Sources */ = {isa = PBXBuildFile; fileRef = 64FADDA41DD912810031F525 /* CoreDataManager.swift */; };
		64FF7EDC1DD3EEC90037871D /* TypeOutfitTableViewController.swift in Sources */ = {isa = PBXBuildFile; fileRef = 64FF7EDB1DD3EEC90037871D /* TypeOutfitTableViewController.swift */; };
		64FF7EDF1DD405020037871D /* FromLeftToRightUiStoryboardSegue.swift in Sources */ = {isa = PBXBuildFile; fileRef = 64FF7EDE1DD405020037871D /* FromLeftToRightUiStoryboardSegue.swift */; };
		64FF7EE11DD418F10037871D /* FromRightToLeftUIStoryboardSegue.swift in Sources */ = {isa = PBXBuildFile; fileRef = 64FF7EE01DD418F10037871D /* FromRightToLeftUIStoryboardSegue.swift */; };
/* End PBXBuildFile section */

/* Begin PBXContainerItemProxy section */
		6487D4681D74C19100C22EA1 /* PBXContainerItemProxy */ = {
			isa = PBXContainerItemProxy;
			containerPortal = 6487D4481D74C19100C22EA1 /* Project object */;
			proxyType = 1;
			remoteGlobalIDString = 6487D44F1D74C19100C22EA1;
			remoteInfo = WhatWearToday;
		};
		6487D4731D74C19200C22EA1 /* PBXContainerItemProxy */ = {
			isa = PBXContainerItemProxy;
			containerPortal = 6487D4481D74C19100C22EA1 /* Project object */;
			proxyType = 1;
			remoteGlobalIDString = 6487D44F1D74C19100C22EA1;
			remoteInfo = WhatWearToday;
		};
/* End PBXContainerItemProxy section */

/* Begin PBXFileReference section */
		640033B81DDA4DFC00095F37 /* summer-rain.png */ = {isa = PBXFileReference; lastKnownFileType = image.png; path = "summer-rain.png"; sourceTree = "<group>"; };
		640033BB1DDA691700095F37 /* OpenWeatherMapAPI.swift */ = {isa = PBXFileReference; fileEncoding = 4; lastKnownFileType = sourcecode.swift; path = OpenWeatherMapAPI.swift; sourceTree = "<group>"; };
		640033BD1DDA6EE000095F37 /* WeatherAPIDelegate.swift */ = {isa = PBXFileReference; fileEncoding = 4; lastKnownFileType = sourcecode.swift; path = WeatherAPIDelegate.swift; sourceTree = "<group>"; };
		640033C01DDA6FA900095F37 /* FormatReturn.swift */ = {isa = PBXFileReference; fileEncoding = 4; lastKnownFileType = sourcecode.swift; path = FormatReturn.swift; sourceTree = "<group>"; };
		640033C31DDA76A400095F37 /* RequestOpenWeatherMap.swift */ = {isa = PBXFileReference; fileEncoding = 4; lastKnownFileType = sourcecode.swift; path = RequestOpenWeatherMap.swift; sourceTree = "<group>"; };
		640033C51DDA7E7600095F37 /* RequestParameters.swift */ = {isa = PBXFileReference; fileEncoding = 4; lastKnownFileType = sourcecode.swift; path = RequestParameters.swift; sourceTree = "<group>"; };
		640033C71DDE443C00095F37 /* Config.plist */ = {isa = PBXFileReference; fileEncoding = 4; lastKnownFileType = text.plist.xml; path = Config.plist; sourceTree = "<group>"; };
		640033CC1DDE480C00095F37 /* PlistManager.swift */ = {isa = PBXFileReference; fileEncoding = 4; lastKnownFileType = sourcecode.swift; path = PlistManager.swift; sourceTree = "<group>"; };
		640033CF1DDE4E8800095F37 /* CurrentResponseOpenWeatherMap.swift */ = {isa = PBXFileReference; fileEncoding = 4; lastKnownFileType = sourcecode.swift; path = CurrentResponseOpenWeatherMap.swift; sourceTree = "<group>"; };
		640033D11DDE56C600095F37 /* ResponseOpenWeatherMap.swift */ = {isa = PBXFileReference; fileEncoding = 4; lastKnownFileType = sourcecode.swift; path = ResponseOpenWeatherMap.swift; sourceTree = "<group>"; };
		640033D31DDE58D000095F37 /* ForecastResponseOpenWeatherMap.swift */ = {isa = PBXFileReference; fileEncoding = 4; lastKnownFileType = sourcecode.swift; path = ForecastResponseOpenWeatherMap.swift; sourceTree = "<group>"; };
		640033D51DDE660B00095F37 /* ResponseOpenWeatherMapProtocol.swift */ = {isa = PBXFileReference; fileEncoding = 4; lastKnownFileType = sourcecode.swift; path = ResponseOpenWeatherMapProtocol.swift; sourceTree = "<group>"; };
		6409508E1DE5097B006E94C2 /* RamdomOutfitCalculator.swift */ = {isa = PBXFileReference; fileEncoding = 4; lastKnownFileType = sourcecode.swift; path = RamdomOutfitCalculator.swift; sourceTree = "<group>"; };
		640950901DE509DF006E94C2 /* OutfitCalculatorProtocol.swift */ = {isa = PBXFileReference; fileEncoding = 4; lastKnownFileType = sourcecode.swift; path = OutfitCalculatorProtocol.swift; sourceTree = "<group>"; };
		640950931DE65FA5006E94C2 /* OutfitRepository.swift */ = {isa = PBXFileReference; fileEncoding = 4; lastKnownFileType = sourcecode.swift; path = OutfitRepository.swift; sourceTree = "<group>"; };
		64467ED41D75272400EDF83A /* AddClothesTableViewController.swift */ = {isa = PBXFileReference; fileEncoding = 4; lastKnownFileType = sourcecode.swift; path = AddClothesTableViewController.swift; sourceTree = "<group>"; };
		6453A5921DD54B81003CD73F /* OutfitListTableViewController.swift */ = {isa = PBXFileReference; fileEncoding = 4; lastKnownFileType = sourcecode.swift; path = OutfitListTableViewController.swift; sourceTree = "<group>"; };
		6487D4501D74C19100C22EA1 /* WhatWearToday.app */ = {isa = PBXFileReference; explicitFileType = wrapper.application; includeInIndex = 0; path = WhatWearToday.app; sourceTree = BUILT_PRODUCTS_DIR; };
		6487D4531D74C19100C22EA1 /* AppDelegate.swift */ = {isa = PBXFileReference; lastKnownFileType = sourcecode.swift; path = AppDelegate.swift; sourceTree = "<group>"; };
		6487D4551D74C19100C22EA1 /* MainViewController.swift */ = {isa = PBXFileReference; lastKnownFileType = sourcecode.swift; path = MainViewController.swift; sourceTree = "<group>"; };
		6487D4581D74C19100C22EA1 /* Base */ = {isa = PBXFileReference; lastKnownFileType = file.storyboard; name = Base; path = Base.lproj/Main.storyboard; sourceTree = "<group>"; };
		6487D45B1D74C19100C22EA1 /* WhatWearToday.xcdatamodel */ = {isa = PBXFileReference; lastKnownFileType = wrapper.xcdatamodel; path = WhatWearToday.xcdatamodel; sourceTree = "<group>"; };
		6487D45D1D74C19100C22EA1 /* Assets.xcassets */ = {isa = PBXFileReference; lastKnownFileType = folder.assetcatalog; path = Assets.xcassets; sourceTree = "<group>"; };
		6487D4601D74C19100C22EA1 /* Base */ = {isa = PBXFileReference; lastKnownFileType = file.storyboard; name = Base; path = Base.lproj/LaunchScreen.storyboard; sourceTree = "<group>"; };
		6487D4621D74C19100C22EA1 /* Info.plist */ = {isa = PBXFileReference; lastKnownFileType = text.plist.xml; path = Info.plist; sourceTree = "<group>"; };
		6487D4671D74C19100C22EA1 /* WhatWearTodayTests.xctest */ = {isa = PBXFileReference; explicitFileType = wrapper.cfbundle; includeInIndex = 0; path = WhatWearTodayTests.xctest; sourceTree = BUILT_PRODUCTS_DIR; };
		6487D46B1D74C19100C22EA1 /* WhatWearTodayTests.swift */ = {isa = PBXFileReference; lastKnownFileType = sourcecode.swift; path = WhatWearTodayTests.swift; sourceTree = "<group>"; };
		6487D46D1D74C19100C22EA1 /* Info.plist */ = {isa = PBXFileReference; lastKnownFileType = text.plist.xml; path = Info.plist; sourceTree = "<group>"; };
		6487D4721D74C19200C22EA1 /* WhatWearTodayUITests.xctest */ = {isa = PBXFileReference; explicitFileType = wrapper.cfbundle; includeInIndex = 0; path = WhatWearTodayUITests.xctest; sourceTree = BUILT_PRODUCTS_DIR; };
		6487D4761D74C19200C22EA1 /* WhatWearTodayUITests.swift */ = {isa = PBXFileReference; lastKnownFileType = sourcecode.swift; path = WhatWearTodayUITests.swift; sourceTree = "<group>"; };
		6487D4781D74C19200C22EA1 /* Info.plist */ = {isa = PBXFileReference; lastKnownFileType = text.plist.xml; path = Info.plist; sourceTree = "<group>"; };
		64BE7FA91DF47D310000A26F /* BackgroundList.swift */ = {isa = PBXFileReference; fileEncoding = 4; lastKnownFileType = sourcecode.swift; path = BackgroundList.swift; sourceTree = "<group>"; };
		64BE7FAB1DF483F80000A26F /* ClearSkyDay.jpg */ = {isa = PBXFileReference; lastKnownFileType = image.jpeg; path = ClearSkyDay.jpg; sourceTree = "<group>"; };
		64BED2DA1DF0C3650091EEA5 /* Array.swift */ = {isa = PBXFileReference; fileEncoding = 4; lastKnownFileType = sourcecode.swift; path = Array.swift; sourceTree = "<group>"; };
		64BED2DC1DF0CBA40091EEA5 /* ResultCalculator.swift */ = {isa = PBXFileReference; fileEncoding = 4; lastKnownFileType = sourcecode.swift; path = ResultCalculator.swift; sourceTree = "<group>"; };
		64BED2E11DF103D90091EEA5 /* camera-default.png */ = {isa = PBXFileReference; lastKnownFileType = image.png; path = "camera-default.png"; sourceTree = "<group>"; };
		64E916151DD73E6900EA4812 /* OutfitUITableViewCell.swift */ = {isa = PBXFileReference; fileEncoding = 4; lastKnownFileType = sourcecode.swift; path = OutfitUITableViewCell.swift; sourceTree = "<group>"; };
		64E9161A1DD742C400EA4812 /* trousers.jpg */ = {isa = PBXFileReference; lastKnownFileType = image.jpeg; path = trousers.jpg; sourceTree = "<group>"; };
		64E9162B1DD9080E00EA4812 /* Outfit+CoreDataClass.swift */ = {isa = PBXFileReference; fileEncoding = 4; lastKnownFileType = sourcecode.swift; path = "Outfit+CoreDataClass.swift"; sourceTree = "<group>"; };
		64E9162C1DD9080E00EA4812 /* Outfit+CoreDataProperties.swift */ = {isa = PBXFileReference; fileEncoding = 4; lastKnownFileType = sourcecode.swift; path = "Outfit+CoreDataProperties.swift"; sourceTree = "<group>"; };
		64EC87AD1DE0CD770051FA76 /* ResultViewController.swift */ = {isa = PBXFileReference; fileEncoding = 4; lastKnownFileType = sourcecode.swift; path = ResultViewController.swift; sourceTree = "<group>"; };
		64EC87AF1DE0CFFD0051FA76 /* ViewModifier.swift */ = {isa = PBXFileReference; fileEncoding = 4; lastKnownFileType = sourcecode.swift; path = ViewModifier.swift; sourceTree = "<group>"; };
		64EC87B11DE0D4B40051FA76 /* hoodie.jpg */ = {isa = PBXFileReference; lastKnownFileType = image.jpeg; path = hoodie.jpg; sourceTree = "<group>"; };
		64EC87B21DE0D4B40051FA76 /* womenHat.jpg */ = {isa = PBXFileReference; lastKnownFileType = image.jpeg; path = womenHat.jpg; sourceTree = "<group>"; };
		64FADDA41DD912810031F525 /* CoreDataManager.swift */ = {isa = PBXFileReference; fileEncoding = 4; lastKnownFileType = sourcecode.swift; path = CoreDataManager.swift; sourceTree = "<group>"; };
		64FF7EDB1DD3EEC90037871D /* TypeOutfitTableViewController.swift */ = {isa = PBXFileReference; fileEncoding = 4; lastKnownFileType = sourcecode.swift; path = TypeOutfitTableViewController.swift; sourceTree = "<group>"; };
		64FF7EDE1DD405020037871D /* FromLeftToRightUiStoryboardSegue.swift */ = {isa = PBXFileReference; fileEncoding = 4; lastKnownFileType = sourcecode.swift; path = FromLeftToRightUiStoryboardSegue.swift; sourceTree = "<group>"; };
		64FF7EE01DD418F10037871D /* FromRightToLeftUIStoryboardSegue.swift */ = {isa = PBXFileReference; fileEncoding = 4; lastKnownFileType = sourcecode.swift; path = FromRightToLeftUIStoryboardSegue.swift; sourceTree = "<group>"; };
/* End PBXFileReference section */

/* Begin PBXFrameworksBuildPhase section */
		6487D44D1D74C19100C22EA1 /* Frameworks */ = {
			isa = PBXFrameworksBuildPhase;
			buildActionMask = 2147483647;
			files = (
			);
			runOnlyForDeploymentPostprocessing = 0;
		};
		6487D4641D74C19100C22EA1 /* Frameworks */ = {
			isa = PBXFrameworksBuildPhase;
			buildActionMask = 2147483647;
			files = (
			);
			runOnlyForDeploymentPostprocessing = 0;
		};
		6487D46F1D74C19200C22EA1 /* Frameworks */ = {
			isa = PBXFrameworksBuildPhase;
			buildActionMask = 2147483647;
			files = (
			);
			runOnlyForDeploymentPostprocessing = 0;
		};
/* End PBXFrameworksBuildPhase section */

/* Begin PBXGroup section */
		640033BA1DDA643200095F37 /* OpenWeatherMapAPI */ = {
			isa = PBXGroup;
			children = (
				640033CE1DDE4E6700095F37 /* Response */,
				640033C21DDA765600095F37 /* Request */,
				640033BF1DDA6F8B00095F37 /* Enum */,
				640033BB1DDA691700095F37 /* OpenWeatherMapAPI.swift */,
				640033BD1DDA6EE000095F37 /* WeatherAPIDelegate.swift */,
			);
			name = OpenWeatherMapAPI;
			sourceTree = "<group>";
		};
		640033BF1DDA6F8B00095F37 /* Enum */ = {
			isa = PBXGroup;
			children = (
				640033C01DDA6FA900095F37 /* FormatReturn.swift */,
				64BE7FA91DF47D310000A26F /* BackgroundList.swift */,
			);
			name = Enum;
			sourceTree = "<group>";
		};
		640033C21DDA765600095F37 /* Request */ = {
			isa = PBXGroup;
			children = (
				640033C31DDA76A400095F37 /* RequestOpenWeatherMap.swift */,
				640033C51DDA7E7600095F37 /* RequestParameters.swift */,
			);
			name = Request;
			sourceTree = "<group>";
		};
		640033C91DDE459500095F37 /* Utils */ = {
			isa = PBXGroup;
			children = (
				640033CC1DDE480C00095F37 /* PlistManager.swift */,
				64FADDA41DD912810031F525 /* CoreDataManager.swift */,
				64EC87AF1DE0CFFD0051FA76 /* ViewModifier.swift */,
			);
			name = Utils;
			sourceTree = "<group>";
		};
		640033CE1DDE4E6700095F37 /* Response */ = {
			isa = PBXGroup;
			children = (
				640033CF1DDE4E8800095F37 /* CurrentResponseOpenWeatherMap.swift */,
				640033D31DDE58D000095F37 /* ForecastResponseOpenWeatherMap.swift */,
				640033D11DDE56C600095F37 /* ResponseOpenWeatherMap.swift */,
				640033D51DDE660B00095F37 /* ResponseOpenWeatherMapProtocol.swift */,
			);
			name = Response;
			sourceTree = "<group>";
		};
		6409508D1DE50850006E94C2 /* Services */ = {
			isa = PBXGroup;
			children = (
				64BED2DE1DF0F0E50091EEA5 /* OutfitCalculator */,
			);
			name = Services;
			sourceTree = "<group>";
		};
		640950921DE65F6C006E94C2 /* Repository */ = {
			isa = PBXGroup;
			children = (
				640950931DE65FA5006E94C2 /* OutfitRepository.swift */,
			);
			name = Repository;
			sourceTree = "<group>";
		};
		64467ED81D75314A00EDF83A /* Model */ = {
			isa = PBXGroup;
			children = (
				64E9162B1DD9080E00EA4812 /* Outfit+CoreDataClass.swift */,
				64E9162C1DD9080E00EA4812 /* Outfit+CoreDataProperties.swift */,
			);
			name = Model;
			sourceTree = "<group>";
		};
		6487D4471D74C19100C22EA1 = {
			isa = PBXGroup;
			children = (
				6487D4521D74C19100C22EA1 /* WhatWearToday */,
				6487D46A1D74C19100C22EA1 /* WhatWearTodayTests */,
				6487D4751D74C19200C22EA1 /* WhatWearTodayUITests */,
				6487D4511D74C19100C22EA1 /* Products */,
			);
			sourceTree = "<group>";
			usesTabs = 1;
		};
		6487D4511D74C19100C22EA1 /* Products */ = {
			isa = PBXGroup;
			children = (
				6487D4501D74C19100C22EA1 /* WhatWearToday.app */,
				6487D4671D74C19100C22EA1 /* WhatWearTodayTests.xctest */,
				6487D4721D74C19200C22EA1 /* WhatWearTodayUITests.xctest */,
			);
			name = Products;
			sourceTree = "<group>";
		};
		6487D4521D74C19100C22EA1 /* WhatWearToday */ = {
			isa = PBXGroup;
			children = (
				64BED2D91DF0C3530091EEA5 /* Extensions */,
				640033C91DDE459500095F37 /* Utils */,
				64467ED81D75314A00EDF83A /* Model */,
				640950921DE65F6C006E94C2 /* Repository */,
				6487D4841D74D10100C22EA1 /* Controller */,
				64E916131DD73E0100EA4812 /* View */,
				6409508D1DE50850006E94C2 /* Services */,
				640033BA1DDA643200095F37 /* OpenWeatherMapAPI */,
				6487D4531D74C19100C22EA1 /* AppDelegate.swift */,
				6487D4571D74C19100C22EA1 /* Main.storyboard */,
				6487D45D1D74C19100C22EA1 /* Assets.xcassets */,
				6487D45F1D74C19100C22EA1 /* LaunchScreen.storyboard */,
				6487D4621D74C19100C22EA1 /* Info.plist */,
				6487D45A1D74C19100C22EA1 /* WhatWearToday.xcdatamodeld */,
				640033C71DDE443C00095F37 /* Config.plist */,
			);
			path = WhatWearToday;
			sourceTree = "<group>";
		};
		6487D46A1D74C19100C22EA1 /* WhatWearTodayTests */ = {
			isa = PBXGroup;
			children = (
				6487D46B1D74C19100C22EA1 /* WhatWearTodayTests.swift */,
				6487D46D1D74C19100C22EA1 /* Info.plist */,
			);
			path = WhatWearTodayTests;
			sourceTree = "<group>";
		};
		6487D4751D74C19200C22EA1 /* WhatWearTodayUITests */ = {
			isa = PBXGroup;
			children = (
				6487D4761D74C19200C22EA1 /* WhatWearTodayUITests.swift */,
				6487D4781D74C19200C22EA1 /* Info.plist */,
			);
			path = WhatWearTodayUITests;
			sourceTree = "<group>";
		};
		6487D4841D74D10100C22EA1 /* Controller */ = {
			isa = PBXGroup;
			children = (
				64FF7EDB1DD3EEC90037871D /* TypeOutfitTableViewController.swift */,
				6487D4551D74C19100C22EA1 /* MainViewController.swift */,
				64467ED41D75272400EDF83A /* AddClothesTableViewController.swift */,
				6453A5921DD54B81003CD73F /* OutfitListTableViewController.swift */,
				64EC87AD1DE0CD770051FA76 /* ResultViewController.swift */,
			);
			name = Controller;
			sourceTree = "<group>";
		};
		64BED2D91DF0C3530091EEA5 /* Extensions */ = {
			isa = PBXGroup;
			children = (
				64BED2DA1DF0C3650091EEA5 /* Array.swift */,
			);
			name = Extensions;
			sourceTree = "<group>";
		};
		64BED2DE1DF0F0E50091EEA5 /* OutfitCalculator */ = {
			isa = PBXGroup;
			children = (
				6409508E1DE5097B006E94C2 /* RamdomOutfitCalculator.swift */,
				640950901DE509DF006E94C2 /* OutfitCalculatorProtocol.swift */,
				64BED2DC1DF0CBA40091EEA5 /* ResultCalculator.swift */,
			);
			name = OutfitCalculator;
			sourceTree = "<group>";
		};
		64E916131DD73E0100EA4812 /* View */ = {
			isa = PBXGroup;
			children = (
				64E916191DD742A700EA4812 /* Images */,
				64E916141DD73E1B00EA4812 /* TableViewCell */,
				64FF7EDD1DD404870037871D /* Segues */,
			);
			name = View;
			sourceTree = "<group>";
		};
		64E916141DD73E1B00EA4812 /* TableViewCell */ = {
			isa = PBXGroup;
			children = (
				64E916151DD73E6900EA4812 /* OutfitUITableViewCell.swift */,
			);
			name = TableViewCell;
			sourceTree = "<group>";
		};
		64E916191DD742A700EA4812 /* Images */ = {
			isa = PBXGroup;
			children = (
				64EC87B11DE0D4B40051FA76 /* hoodie.jpg */,
				64EC87B21DE0D4B40051FA76 /* womenHat.jpg */,
				64BE7FAB1DF483F80000A26F /* ClearSkyDay.jpg */,
				64BED2E11DF103D90091EEA5 /* camera-default.png */,
				640033B81DDA4DFC00095F37 /* summer-rain.png */,
				64E9161A1DD742C400EA4812 /* trousers.jpg */,
			);
			name = Images;
			sourceTree = "<group>";
		};
		64FF7EDD1DD404870037871D /* Segues */ = {
			isa = PBXGroup;
			children = (
				64FF7EDE1DD405020037871D /* FromLeftToRightUiStoryboardSegue.swift */,
				64FF7EE01DD418F10037871D /* FromRightToLeftUIStoryboardSegue.swift */,
			);
			name = Segues;
			sourceTree = "<group>";
		};
/* End PBXGroup section */

/* Begin PBXNativeTarget section */
		6487D44F1D74C19100C22EA1 /* WhatWearToday */ = {
			isa = PBXNativeTarget;
			buildConfigurationList = 6487D47B1D74C19200C22EA1 /* Build configuration list for PBXNativeTarget "WhatWearToday" */;
			buildPhases = (
				6487D44C1D74C19100C22EA1 /* Sources */,
				6487D44D1D74C19100C22EA1 /* Frameworks */,
				6487D44E1D74C19100C22EA1 /* Resources */,
			);
			buildRules = (
			);
			dependencies = (
			);
			name = WhatWearToday;
			productName = WhatWearToday;
			productReference = 6487D4501D74C19100C22EA1 /* WhatWearToday.app */;
			productType = "com.apple.product-type.application";
		};
		6487D4661D74C19100C22EA1 /* WhatWearTodayTests */ = {
			isa = PBXNativeTarget;
			buildConfigurationList = 6487D47E1D74C19200C22EA1 /* Build configuration list for PBXNativeTarget "WhatWearTodayTests" */;
			buildPhases = (
				6487D4631D74C19100C22EA1 /* Sources */,
				6487D4641D74C19100C22EA1 /* Frameworks */,
				6487D4651D74C19100C22EA1 /* Resources */,
			);
			buildRules = (
			);
			dependencies = (
				6487D4691D74C19100C22EA1 /* PBXTargetDependency */,
			);
			name = WhatWearTodayTests;
			productName = WhatWearTodayTests;
			productReference = 6487D4671D74C19100C22EA1 /* WhatWearTodayTests.xctest */;
			productType = "com.apple.product-type.bundle.unit-test";
		};
		6487D4711D74C19200C22EA1 /* WhatWearTodayUITests */ = {
			isa = PBXNativeTarget;
			buildConfigurationList = 6487D4811D74C19200C22EA1 /* Build configuration list for PBXNativeTarget "WhatWearTodayUITests" */;
			buildPhases = (
				6487D46E1D74C19200C22EA1 /* Sources */,
				6487D46F1D74C19200C22EA1 /* Frameworks */,
				6487D4701D74C19200C22EA1 /* Resources */,
			);
			buildRules = (
			);
			dependencies = (
				6487D4741D74C19200C22EA1 /* PBXTargetDependency */,
			);
			name = WhatWearTodayUITests;
			productName = WhatWearTodayUITests;
			productReference = 6487D4721D74C19200C22EA1 /* WhatWearTodayUITests.xctest */;
			productType = "com.apple.product-type.bundle.ui-testing";
		};
/* End PBXNativeTarget section */

/* Begin PBXProject section */
		6487D4481D74C19100C22EA1 /* Project object */ = {
			isa = PBXProject;
			attributes = {
				LastSwiftUpdateCheck = 0730;
				LastUpgradeCheck = 0810;
				ORGANIZATIONNAME = Cardosa;
				TargetAttributes = {
					6487D44F1D74C19100C22EA1 = {
						CreatedOnToolsVersion = 7.3.1;
						LastSwiftMigration = 0810;
					};
					6487D4661D74C19100C22EA1 = {
						CreatedOnToolsVersion = 7.3.1;
						LastSwiftMigration = 0810;
						TestTargetID = 6487D44F1D74C19100C22EA1;
					};
					6487D4711D74C19200C22EA1 = {
						CreatedOnToolsVersion = 7.3.1;
						LastSwiftMigration = 0810;
						TestTargetID = 6487D44F1D74C19100C22EA1;
					};
				};
			};
			buildConfigurationList = 6487D44B1D74C19100C22EA1 /* Build configuration list for PBXProject "WhatWearToday" */;
			compatibilityVersion = "Xcode 3.2";
			developmentRegion = English;
			hasScannedForEncodings = 0;
			knownRegions = (
				en,
				Base,
			);
			mainGroup = 6487D4471D74C19100C22EA1;
			productRefGroup = 6487D4511D74C19100C22EA1 /* Products */;
			projectDirPath = "";
			projectRoot = "";
			targets = (
				6487D44F1D74C19100C22EA1 /* WhatWearToday */,
				6487D4661D74C19100C22EA1 /* WhatWearTodayTests */,
				6487D4711D74C19200C22EA1 /* WhatWearTodayUITests */,
			);
		};
/* End PBXProject section */

/* Begin PBXResourcesBuildPhase section */
		6487D44E1D74C19100C22EA1 /* Resources */ = {
			isa = PBXResourcesBuildPhase;
			buildActionMask = 2147483647;
			files = (
				640033B91DDA4DFC00095F37 /* summer-rain.png in Resources */,
				64EC87B31DE0D4B50051FA76 /* hoodie.jpg in Resources */,
				6487D4611D74C19100C22EA1 /* LaunchScreen.storyboard in Resources */,
				6487D45E1D74C19100C22EA1 /* Assets.xcassets in Resources */,
				64BE7FAC1DF483F80000A26F /* ClearSkyDay.jpg in Resources */,
				6487D4591D74C19100C22EA1 /* Main.storyboard in Resources */,
				640033C81DDE443C00095F37 /* Config.plist in Resources */,
				64EC87B41DE0D4B50051FA76 /* womenHat.jpg in Resources */,
				64E9161B1DD742C400EA4812 /* trousers.jpg in Resources */,
				64BED2E21DF103D90091EEA5 /* camera-default.png in Resources */,
			);
			runOnlyForDeploymentPostprocessing = 0;
		};
		6487D4651D74C19100C22EA1 /* Resources */ = {
			isa = PBXResourcesBuildPhase;
			buildActionMask = 2147483647;
			files = (
			);
			runOnlyForDeploymentPostprocessing = 0;
		};
		6487D4701D74C19200C22EA1 /* Resources */ = {
			isa = PBXResourcesBuildPhase;
			buildActionMask = 2147483647;
			files = (
			);
			runOnlyForDeploymentPostprocessing = 0;
		};
/* End PBXResourcesBuildPhase section */

/* Begin PBXSourcesBuildPhase section */
		6487D44C1D74C19100C22EA1 /* Sources */ = {
			isa = PBXSourcesBuildPhase;
			buildActionMask = 2147483647;
			files = (
				64E9162E1DD9080E00EA4812 /* Outfit+CoreDataProperties.swift in Sources */,
				64FF7EDF1DD405020037871D /* FromLeftToRightUiStoryboardSegue.swift in Sources */,
				640033D01DDE4E8800095F37 /* CurrentResponseOpenWeatherMap.swift in Sources */,
				640033BC1DDA691700095F37 /* OpenWeatherMapAPI.swift in Sources */,
				640033D21DDE56C600095F37 /* ResponseOpenWeatherMap.swift in Sources */,
				640033BE1DDA6EE000095F37 /* WeatherAPIDelegate.swift in Sources */,
				640033C11DDA6FA900095F37 /* FormatReturn.swift in Sources */,
				64EC87B01DE0CFFD0051FA76 /* ViewModifier.swift in Sources */,
				64FF7EE11DD418F10037871D /* FromRightToLeftUIStoryboardSegue.swift in Sources */,
				64BED2DB1DF0C3650091EEA5 /* Array.swift in Sources */,
				64E916171DD73E6900EA4812 /* OutfitUITableViewCell.swift in Sources */,
				64EC87AE1DE0CD770051FA76 /* ResultViewController.swift in Sources */,
				64467ED51D75272400EDF83A /* AddClothesTableViewController.swift in Sources */,
				640033D61DDE660B00095F37 /* ResponseOpenWeatherMapProtocol.swift in Sources */,
				6487D4561D74C19100C22EA1 /* MainViewController.swift in Sources */,
				64FADDA51DD912810031F525 /* CoreDataManager.swift in Sources */,
				64E9162D1DD9080E00EA4812 /* Outfit+CoreDataClass.swift in Sources */,
				6409508F1DE5097B006E94C2 /* RamdomOutfitCalculator.swift in Sources */,
				6453A5931DD54B81003CD73F /* OutfitListTableViewController.swift in Sources */,
				640033CD1DDE480C00095F37 /* PlistManager.swift in Sources */,
				6487D4541D74C19100C22EA1 /* AppDelegate.swift in Sources */,
				64FF7EDC1DD3EEC90037871D /* TypeOutfitTableViewController.swift in Sources */,
				640033D41DDE58D000095F37 /* ForecastResponseOpenWeatherMap.swift in Sources */,
				640950941DE65FA5006E94C2 /* OutfitRepository.swift in Sources */,
				6487D45C1D74C19100C22EA1 /* WhatWearToday.xcdatamodeld in Sources */,
				640033C61DDA7E7600095F37 /* RequestParameters.swift in Sources */,
				640950911DE509DF006E94C2 /* OutfitCalculatorProtocol.swift in Sources */,
				640033C41DDA76A400095F37 /* RequestOpenWeatherMap.swift in Sources */,
				64BE7FAA1DF47D310000A26F /* BackgroundList.swift in Sources */,
				64BED2DD1DF0CBA40091EEA5 /* ResultCalculator.swift in Sources */,
			);
			runOnlyForDeploymentPostprocessing = 0;
		};
		6487D4631D74C19100C22EA1 /* Sources */ = {
			isa = PBXSourcesBuildPhase;
			buildActionMask = 2147483647;
			files = (
				6487D46C1D74C19100C22EA1 /* WhatWearTodayTests.swift in Sources */,
			);
			runOnlyForDeploymentPostprocessing = 0;
		};
		6487D46E1D74C19200C22EA1 /* Sources */ = {
			isa = PBXSourcesBuildPhase;
			buildActionMask = 2147483647;
			files = (
				6487D4771D74C19200C22EA1 /* WhatWearTodayUITests.swift in Sources */,
			);
			runOnlyForDeploymentPostprocessing = 0;
		};
/* End PBXSourcesBuildPhase section */

/* Begin PBXTargetDependency section */
		6487D4691D74C19100C22EA1 /* PBXTargetDependency */ = {
			isa = PBXTargetDependency;
			target = 6487D44F1D74C19100C22EA1 /* WhatWearToday */;
			targetProxy = 6487D4681D74C19100C22EA1 /* PBXContainerItemProxy */;
		};
		6487D4741D74C19200C22EA1 /* PBXTargetDependency */ = {
			isa = PBXTargetDependency;
			target = 6487D44F1D74C19100C22EA1 /* WhatWearToday */;
			targetProxy = 6487D4731D74C19200C22EA1 /* PBXContainerItemProxy */;
		};
/* End PBXTargetDependency section */

/* Begin PBXVariantGroup section */
		6487D4571D74C19100C22EA1 /* Main.storyboard */ = {
			isa = PBXVariantGroup;
			children = (
				6487D4581D74C19100C22EA1 /* Base */,
			);
			name = Main.storyboard;
			sourceTree = "<group>";
		};
		6487D45F1D74C19100C22EA1 /* LaunchScreen.storyboard */ = {
			isa = PBXVariantGroup;
			children = (
				6487D4601D74C19100C22EA1 /* Base */,
			);
			name = LaunchScreen.storyboard;
			sourceTree = "<group>";
		};
/* End PBXVariantGroup section */

/* Begin XCBuildConfiguration section */
		6487D4791D74C19200C22EA1 /* Debug */ = {
			isa = XCBuildConfiguration;
			buildSettings = {
				ALWAYS_SEARCH_USER_PATHS = NO;
				CLANG_ANALYZER_NONNULL = YES;
				CLANG_CXX_LANGUAGE_STANDARD = "gnu++0x";
				CLANG_CXX_LIBRARY = "libc++";
				CLANG_ENABLE_MODULES = YES;
				CLANG_ENABLE_OBJC_ARC = YES;
				CLANG_WARN_BOOL_CONVERSION = YES;
				CLANG_WARN_CONSTANT_CONVERSION = YES;
				CLANG_WARN_DIRECT_OBJC_ISA_USAGE = YES_ERROR;
				CLANG_WARN_EMPTY_BODY = YES;
				CLANG_WARN_ENUM_CONVERSION = YES;
				CLANG_WARN_INFINITE_RECURSION = YES;
				CLANG_WARN_INT_CONVERSION = YES;
				CLANG_WARN_OBJC_ROOT_CLASS = YES_ERROR;
				CLANG_WARN_SUSPICIOUS_MOVE = YES;
				CLANG_WARN_UNREACHABLE_CODE = YES;
				CLANG_WARN__DUPLICATE_METHOD_MATCH = YES;
				"CODE_SIGN_IDENTITY[sdk=iphoneos*]" = "iPhone Developer";
				COPY_PHASE_STRIP = NO;
				DEBUG_INFORMATION_FORMAT = dwarf;
				ENABLE_STRICT_OBJC_MSGSEND = YES;
				ENABLE_TESTABILITY = YES;
				GCC_C_LANGUAGE_STANDARD = gnu99;
				GCC_DYNAMIC_NO_PIC = NO;
				GCC_NO_COMMON_BLOCKS = YES;
				GCC_OPTIMIZATION_LEVEL = 0;
				GCC_PREPROCESSOR_DEFINITIONS = (
					"DEBUG=1",
					"$(inherited)",
				);
				GCC_WARN_64_TO_32_BIT_CONVERSION = YES;
				GCC_WARN_ABOUT_RETURN_TYPE = YES_ERROR;
				GCC_WARN_UNDECLARED_SELECTOR = YES;
				GCC_WARN_UNINITIALIZED_AUTOS = YES_AGGRESSIVE;
				GCC_WARN_UNUSED_FUNCTION = YES;
				GCC_WARN_UNUSED_VARIABLE = YES;
				IPHONEOS_DEPLOYMENT_TARGET = 9.3;
				MTL_ENABLE_DEBUG_INFO = YES;
				ONLY_ACTIVE_ARCH = YES;
				SDKROOT = iphoneos;
				SWIFT_OPTIMIZATION_LEVEL = "-Onone";
				TARGETED_DEVICE_FAMILY = "1,2";
			};
			name = Debug;
		};
		6487D47A1D74C19200C22EA1 /* Release */ = {
			isa = XCBuildConfiguration;
			buildSettings = {
				ALWAYS_SEARCH_USER_PATHS = NO;
				CLANG_ANALYZER_NONNULL = YES;
				CLANG_CXX_LANGUAGE_STANDARD = "gnu++0x";
				CLANG_CXX_LIBRARY = "libc++";
				CLANG_ENABLE_MODULES = YES;
				CLANG_ENABLE_OBJC_ARC = YES;
				CLANG_WARN_BOOL_CONVERSION = YES;
				CLANG_WARN_CONSTANT_CONVERSION = YES;
				CLANG_WARN_DIRECT_OBJC_ISA_USAGE = YES_ERROR;
				CLANG_WARN_EMPTY_BODY = YES;
				CLANG_WARN_ENUM_CONVERSION = YES;
				CLANG_WARN_INFINITE_RECURSION = YES;
				CLANG_WARN_INT_CONVERSION = YES;
				CLANG_WARN_OBJC_ROOT_CLASS = YES_ERROR;
				CLANG_WARN_SUSPICIOUS_MOVE = YES;
				CLANG_WARN_UNREACHABLE_CODE = YES;
				CLANG_WARN__DUPLICATE_METHOD_MATCH = YES;
				"CODE_SIGN_IDENTITY[sdk=iphoneos*]" = "iPhone Developer";
				COPY_PHASE_STRIP = NO;
				DEBUG_INFORMATION_FORMAT = "dwarf-with-dsym";
				ENABLE_NS_ASSERTIONS = NO;
				ENABLE_STRICT_OBJC_MSGSEND = YES;
				GCC_C_LANGUAGE_STANDARD = gnu99;
				GCC_NO_COMMON_BLOCKS = YES;
				GCC_WARN_64_TO_32_BIT_CONVERSION = YES;
				GCC_WARN_ABOUT_RETURN_TYPE = YES_ERROR;
				GCC_WARN_UNDECLARED_SELECTOR = YES;
				GCC_WARN_UNINITIALIZED_AUTOS = YES_AGGRESSIVE;
				GCC_WARN_UNUSED_FUNCTION = YES;
				GCC_WARN_UNUSED_VARIABLE = YES;
				IPHONEOS_DEPLOYMENT_TARGET = 9.3;
				MTL_ENABLE_DEBUG_INFO = NO;
				SDKROOT = iphoneos;
				SWIFT_OPTIMIZATION_LEVEL = "-Owholemodule";
				TARGETED_DEVICE_FAMILY = "1,2";
				VALIDATE_PRODUCT = YES;
			};
			name = Release;
		};
		6487D47C1D74C19200C22EA1 /* Debug */ = {
			isa = XCBuildConfiguration;
			buildSettings = {
				ASSETCATALOG_COMPILER_APPICON_NAME = AppIcon;
				CLANG_ENABLE_MODULES = YES;
				INFOPLIST_FILE = WhatWearToday/Info.plist;
				IPHONEOS_DEPLOYMENT_TARGET = 10.1;
				LD_RUNPATH_SEARCH_PATHS = "$(inherited) @executable_path/Frameworks";
				PRODUCT_BUNDLE_IDENTIFIER = com.cardosa.WhatWearToday;
				PRODUCT_NAME = "$(TARGET_NAME)";
				SWIFT_OPTIMIZATION_LEVEL = "-Onone";
				SWIFT_VERSION = 3.0;
			};
			name = Debug;
		};
		6487D47D1D74C19200C22EA1 /* Release */ = {
			isa = XCBuildConfiguration;
			buildSettings = {
				ASSETCATALOG_COMPILER_APPICON_NAME = AppIcon;
				CLANG_ENABLE_MODULES = YES;
				INFOPLIST_FILE = WhatWearToday/Info.plist;
				IPHONEOS_DEPLOYMENT_TARGET = 10.1;
				LD_RUNPATH_SEARCH_PATHS = "$(inherited) @executable_path/Frameworks";
				PRODUCT_BUNDLE_IDENTIFIER = com.cardosa.WhatWearToday;
				PRODUCT_NAME = "$(TARGET_NAME)";
				SWIFT_VERSION = 3.0;
			};
			name = Release;
		};
		6487D47F1D74C19200C22EA1 /* Debug */ = {
			isa = XCBuildConfiguration;
			buildSettings = {
				BUNDLE_LOADER = "$(TEST_HOST)";
				INFOPLIST_FILE = WhatWearTodayTests/Info.plist;
				LD_RUNPATH_SEARCH_PATHS = "$(inherited) @executable_path/Frameworks @loader_path/Frameworks";
				PRODUCT_BUNDLE_IDENTIFIER = com.cardosa.WhatWearTodayTests;
				PRODUCT_NAME = "$(TARGET_NAME)";
				SWIFT_VERSION = 3.0;
				TEST_HOST = "$(BUILT_PRODUCTS_DIR)/WhatWearToday.app/WhatWearToday";
			};
			name = Debug;
		};
		6487D4801D74C19200C22EA1 /* Release */ = {
			isa = XCBuildConfiguration;
			buildSettings = {
				BUNDLE_LOADER = "$(TEST_HOST)";
				INFOPLIST_FILE = WhatWearTodayTests/Info.plist;
				LD_RUNPATH_SEARCH_PATHS = "$(inherited) @executable_path/Frameworks @loader_path/Frameworks";
				PRODUCT_BUNDLE_IDENTIFIER = com.cardosa.WhatWearTodayTests;
				PRODUCT_NAME = "$(TARGET_NAME)";
				SWIFT_VERSION = 3.0;
				TEST_HOST = "$(BUILT_PRODUCTS_DIR)/WhatWearToday.app/WhatWearToday";
			};
			name = Release;
		};
		6487D4821D74C19200C22EA1 /* Debug */ = {
			isa = XCBuildConfiguration;
			buildSettings = {
				INFOPLIST_FILE = WhatWearTodayUITests/Info.plist;
				LD_RUNPATH_SEARCH_PATHS = "$(inherited) @executable_path/Frameworks @loader_path/Frameworks";
				PRODUCT_BUNDLE_IDENTIFIER = com.cardosa.WhatWearTodayUITests;
				PRODUCT_NAME = "$(TARGET_NAME)";
				SWIFT_VERSION = 3.0;
				TEST_TARGET_NAME = WhatWearToday;
			};
			name = Debug;
		};
		6487D4831D74C19200C22EA1 /* Release */ = {
			isa = XCBuildConfiguration;
			buildSettings = {
				INFOPLIST_FILE = WhatWearTodayUITests/Info.plist;
				LD_RUNPATH_SEARCH_PATHS = "$(inherited) @executable_path/Frameworks @loader_path/Frameworks";
				PRODUCT_BUNDLE_IDENTIFIER = com.cardosa.WhatWearTodayUITests;
				PRODUCT_NAME = "$(TARGET_NAME)";
				SWIFT_VERSION = 3.0;
				TEST_TARGET_NAME = WhatWearToday;
			};
			name = Release;
		};
/* End XCBuildConfiguration section */

/* Begin XCConfigurationList section */
		6487D44B1D74C19100C22EA1 /* Build configuration list for PBXProject "WhatWearToday" */ = {
			isa = XCConfigurationList;
			buildConfigurations = (
				6487D4791D74C19200C22EA1 /* Debug */,
				6487D47A1D74C19200C22EA1 /* Release */,
			);
			defaultConfigurationIsVisible = 0;
			defaultConfigurationName = Release;
		};
		6487D47B1D74C19200C22EA1 /* Build configuration list for PBXNativeTarget "WhatWearToday" */ = {
			isa = XCConfigurationList;
			buildConfigurations = (
				6487D47C1D74C19200C22EA1 /* Debug */,
				6487D47D1D74C19200C22EA1 /* Release */,
			);
			defaultConfigurationIsVisible = 0;
			defaultConfigurationName = Release;
		};
		6487D47E1D74C19200C22EA1 /* Build configuration list for PBXNativeTarget "WhatWearTodayTests" */ = {
			isa = XCConfigurationList;
			buildConfigurations = (
				6487D47F1D74C19200C22EA1 /* Debug */,
				6487D4801D74C19200C22EA1 /* Release */,
			);
			defaultConfigurationIsVisible = 0;
			defaultConfigurationName = Release;
		};
		6487D4811D74C19200C22EA1 /* Build configuration list for PBXNativeTarget "WhatWearTodayUITests" */ = {
			isa = XCConfigurationList;
			buildConfigurations = (
				6487D4821D74C19200C22EA1 /* Debug */,
				6487D4831D74C19200C22EA1 /* Release */,
			);
			defaultConfigurationIsVisible = 0;
			defaultConfigurationName = Release;
		};
/* End XCConfigurationList section */

/* Begin XCVersionGroup section */
		6487D45A1D74C19100C22EA1 /* WhatWearToday.xcdatamodeld */ = {
			isa = XCVersionGroup;
			children = (
				6487D45B1D74C19100C22EA1 /* WhatWearToday.xcdatamodel */,
			);
			currentVersion = 6487D45B1D74C19100C22EA1 /* WhatWearToday.xcdatamodel */;
			path = WhatWearToday.xcdatamodeld;
			sourceTree = "<group>";
			versionGroupType = wrapper.xcdatamodel;
		};
/* End XCVersionGroup section */
	};
	rootObject = 6487D4481D74C19100C22EA1 /* Project object */;
}
